
Microsoft Visual Studio Solution File, Format Version 12.00
# Visual Studio Version 17
VisualStudioVersion = 17.0.31903.59
MinimumVisualStudioVersion = 10.0.40219.1
Project("{FAE04EC0-301F-11D3-BF4B-00C04F79EFBC}") = "Term 7 project", "Term 7 project.csproj", "{289B5166-D9F6-401C-BE65-E9B2C2EEF658}"
EndProject
Global
	GlobalSection(SolutionConfigurationPlatforms) = preSolution
		Debug|Any CPU = Debug|Any CPU
		Release|Any CPU = Release|Any CPU
	EndGlobalSection
	GlobalSection(ProjectConfigurationPlatforms) = postSolution
		{289B5166-D9F6-401C-BE65-E9B2C2EEF658}.Debug|Any CPU.ActiveCfg = Debug|Any CPU
		{289B5166-D9F6-401C-BE65-E9B2C2EEF658}.Debug|Any CPU.Build.0 = Debug|Any CPU
		{289B5166-D9F6-401C-BE65-E9B2C2EEF658}.Release|Any CPU.ActiveCfg = Release|Any CPU
		{289B5166-D9F6-401C-BE65-E9B2C2EEF658}.Release|Any CPU.Build.0 = Release|Any CPU
	EndGlobalSection
	GlobalSection(SolutionProperties) = preSolution
		HideSolutionNode = FALSE
	EndGlobalSection
	GlobalSection(ExtensibilityGlobals) = postSolution
		SolutionGuid = {59DA9C6B-31DC-4832-87B4-13BA8CF98869}
	EndGlobalSection
EndGlobal
